
Microsoft Visual Studio Solution File, Format Version 12.00
# Visual Studio 2013
VisualStudioVersion = 12.0.21005.1
MinimumVisualStudioVersion = 10.0.40219.1
Project("{8BC9CEB8-8B4A-11D0-8D11-00A0C91BC942}") = "strlen的模拟", "strlen的模拟\strlen的模拟.vcxproj", "{E6AC4BBE-E5A8-4C6F-9BD5-E01E141EB2F9}"
EndProject
Global
	GlobalSection(SolutionConfigurationPlatforms) = preSolution
		Debug|Win32 = Debug|Win32
		Release|Win32 = Release|Win32
	EndGlobalSection
	GlobalSection(ProjectConfigurationPlatforms) = postSolution
		{E6AC4BBE-E5A8-4C6F-9BD5-E01E141EB2F9}.Debug|Win32.ActiveCfg = Debug|Win32
		{E6AC4BBE-E5A8-4C6F-9BD5-E01E141EB2F9}.Debug|Win32.Build.0 = Debug|Win32
		{E6AC4BBE-E5A8-4C6F-9BD5-E01E141EB2F9}.Release|Win32.ActiveCfg = Release|Win32
		{E6AC4BBE-E5A8-4C6F-9BD5-E01E141EB2F9}.Release|Win32.Build.0 = Release|Win32
	EndGlobalSection
	GlobalSection(SolutionProperties) = preSolution
		HideSolutionNode = FALSE
	EndGlobalSection
EndGlobal
